
Microsoft Visual Studio Solution File, Format Version 12.00
# Visual Studio Version 17
VisualStudioVersion = 17.8.34408.163
MinimumVisualStudioVersion = 10.0.40219.1
Project("{F184B08F-C81C-45F6-A57F-5ABD9991F28F}") = "8.Area of a Circle", "8.Area of a Circle.vbproj", "{BD8AB40F-D3FE-4E72-B127-D57EF65BF9CD}"
EndProject
Global
	GlobalSection(SolutionConfigurationPlatforms) = preSolution
		Debug|Any CPU = Debug|Any CPU
		Release|Any CPU = Release|Any CPU
	EndGlobalSection
	GlobalSection(ProjectConfigurationPlatforms) = postSolution
		{BD8AB40F-D3FE-4E72-B127-D57EF65BF9CD}.Debug|Any CPU.ActiveCfg = Debug|Any CPU
		{BD8AB40F-D3FE-4E72-B127-D57EF65BF9CD}.Debug|Any CPU.Build.0 = Debug|Any CPU
		{BD8AB40F-D3FE-4E72-B127-D57EF65BF9CD}.Release|Any CPU.ActiveCfg = Release|Any CPU
		{BD8AB40F-D3FE-4E72-B127-D57EF65BF9CD}.Release|Any CPU.Build.0 = Release|Any CPU
	EndGlobalSection
	GlobalSection(SolutionProperties) = preSolution
		HideSolutionNode = FALSE
	EndGlobalSection
	GlobalSection(ExtensibilityGlobals) = postSolution
		SolutionGuid = {750B9FE7-C05F-46DE-ABFA-6A16D440FB6F}
	EndGlobalSection
EndGlobal
